// !$*UTF8*$!
{
	archiveVersion = 1;
	classes = {
	};
	objectVersion = 50;
	objects = {

/* Begin PBXBuildFile section */
		9D15B96920D92BD70019362B /* Item.swift in Sources */ = {isa = PBXBuildFile; fileRef = 9D15B96820D92BD70019362B /* Item.swift */; };
		9D15B96B20D92BE40019362B /* Category.swift in Sources */ = {isa = PBXBuildFile; fileRef = 9D15B96A20D92BE40019362B /* Category.swift */; };
		9D77523720D9A3C30006DF22 /* SwipeTableViewController.swift in Sources */ = {isa = PBXBuildFile; fileRef = 9D77523620D9A3C30006DF22 /* SwipeTableViewController.swift */; };
		9D88C46220D684870040EF71 /* AppDelegate.swift in Sources */ = {isa = PBXBuildFile; fileRef = 9D88C46120D684870040EF71 /* AppDelegate.swift */; };
		9D88C46420D684870040EF71 /* ToDoListViewController.swift in Sources */ = {isa = PBXBuildFile; fileRef = 9D88C46320D684870040EF71 /* ToDoListViewController.swift */; };
		9D88C46720D684870040EF71 /* Main.storyboard in Resources */ = {isa = PBXBuildFile; fileRef = 9D88C46520D684870040EF71 /* Main.storyboard */; };
		9D88C46920D684880040EF71 /* Assets.xcassets in Resources */ = {isa = PBXBuildFile; fileRef = 9D88C46820D684880040EF71 /* Assets.xcassets */; };
		9D88C46C20D684880040EF71 /* LaunchScreen.storyboard in Resources */ = {isa = PBXBuildFile; fileRef = 9D88C46A20D684880040EF71 /* LaunchScreen.storyboard */; };
		9DFFAF8220D84AF900EF605C /* CategoryViewController.swift in Sources */ = {isa = PBXBuildFile; fileRef = 9DFFAF8120D84AF900EF605C /* CategoryViewController.swift */; };
		A4BE468CF3E2F199EC3CAFB1 /* Pods_What_To_Do.framework in Frameworks */ = {isa = PBXBuildFile; fileRef = FEBC7F66F17B7D88B1E61B8B /* Pods_What_To_Do.framework */; };
/* End PBXBuildFile section */

/* Begin PBXFileReference section */
		0C5AF38D56AC87D8B5BC495E /* Pods-What To Do.debug.xcconfig */ = {isa = PBXFileReference; includeInIndex = 1; lastKnownFileType = text.xcconfig; name = "Pods-What To Do.debug.xcconfig"; path = "Pods/Target Support Files/Pods-What To Do/Pods-What To Do.debug.xcconfig"; sourceTree = "<group>"; };
		9D15B96820D92BD70019362B /* Item.swift */ = {isa = PBXFileReference; lastKnownFileType = sourcecode.swift; path = Item.swift; sourceTree = "<group>"; };
		9D15B96A20D92BE40019362B /* Category.swift */ = {isa = PBXFileReference; lastKnownFileType = sourcecode.swift; path = Category.swift; sourceTree = "<group>"; };
		9D77523620D9A3C30006DF22 /* SwipeTableViewController.swift */ = {isa = PBXFileReference; lastKnownFileType = sourcecode.swift; path = SwipeTableViewController.swift; sourceTree = "<group>"; };
		9D88C45E20D684870040EF71 /* What To Do.app */ = {isa = PBXFileReference; explicitFileType = wrapper.application; includeInIndex = 0; path = "What To Do.app"; sourceTree = BUILT_PRODUCTS_DIR; };
		9D88C46120D684870040EF71 /* AppDelegate.swift */ = {isa = PBXFileReference; lastKnownFileType = sourcecode.swift; path = AppDelegate.swift; sourceTree = "<group>"; };
		9D88C46320D684870040EF71 /* ToDoListViewController.swift */ = {isa = PBXFileReference; lastKnownFileType = sourcecode.swift; path = ToDoListViewController.swift; sourceTree = "<group>"; };
		9D88C46620D684870040EF71 /* Base */ = {isa = PBXFileReference; lastKnownFileType = file.storyboard; name = Base; path = Base.lproj/Main.storyboard; sourceTree = "<group>"; };
		9D88C46820D684880040EF71 /* Assets.xcassets */ = {isa = PBXFileReference; lastKnownFileType = folder.assetcatalog; path = Assets.xcassets; sourceTree = "<group>"; };
		9D88C46B20D684880040EF71 /* Base */ = {isa = PBXFileReference; lastKnownFileType = file.storyboard; name = Base; path = Base.lproj/LaunchScreen.storyboard; sourceTree = "<group>"; };
		9D88C46D20D684880040EF71 /* Info.plist */ = {isa = PBXFileReference; lastKnownFileType = text.plist.xml; path = Info.plist; sourceTree = "<group>"; };
		9DFFAF8120D84AF900EF605C /* CategoryViewController.swift */ = {isa = PBXFileReference; lastKnownFileType = sourcecode.swift; path = CategoryViewController.swift; sourceTree = "<group>"; };
		9DFFAF8420D8655200EF605C /* CoreData.framework */ = {isa = PBXFileReference; lastKnownFileType = wrapper.framework; name = CoreData.framework; path = System/Library/Frameworks/CoreData.framework; sourceTree = SDKROOT; };
		F9F2599CEBFB02B8C9A12B7B /* Pods-What To Do.release.xcconfig */ = {isa = PBXFileReference; includeInIndex = 1; lastKnownFileType = text.xcconfig; name = "Pods-What To Do.release.xcconfig"; path = "Pods/Target Support Files/Pods-What To Do/Pods-What To Do.release.xcconfig"; sourceTree = "<group>"; };
		FEBC7F66F17B7D88B1E61B8B /* Pods_What_To_Do.framework */ = {isa = PBXFileReference; explicitFileType = wrapper.framework; includeInIndex = 0; path = Pods_What_To_Do.framework; sourceTree = BUILT_PRODUCTS_DIR; };
/* End PBXFileReference section */

/* Begin PBXFrameworksBuildPhase section */
		9D88C45B20D684870040EF71 /* Frameworks */ = {
			isa = PBXFrameworksBuildPhase;
			buildActionMask = 2147483647;
			files = (
				A4BE468CF3E2F199EC3CAFB1 /* Pods_What_To_Do.framework in Frameworks */,
			);
			runOnlyForDeploymentPostprocessing = 0;
		};
/* End PBXFrameworksBuildPhase section */

/* Begin PBXGroup section */
		3458C432D65C8E6911E72F33 /* Pods */ = {
			isa = PBXGroup;
			children = (
				0C5AF38D56AC87D8B5BC495E /* Pods-What To Do.debug.xcconfig */,
				F9F2599CEBFB02B8C9A12B7B /* Pods-What To Do.release.xcconfig */,
			);
			name = Pods;
			sourceTree = "<group>";
		};
		9D88C45520D684870040EF71 = {
			isa = PBXGroup;
			children = (
				9D88C46020D684870040EF71 /* What To Do */,
				9D88C45F20D684870040EF71 /* Products */,
				9DFFAF8320D8655100EF605C /* Frameworks */,
				3458C432D65C8E6911E72F33 /* Pods */,
			);
			sourceTree = "<group>";
		};
		9D88C45F20D684870040EF71 /* Products */ = {
			isa = PBXGroup;
			children = (
				9D88C45E20D684870040EF71 /* What To Do.app */,
			);
			name = Products;
			sourceTree = "<group>";
		};
		9D88C46020D684870040EF71 /* What To Do */ = {
			isa = PBXGroup;
			children = (
				9D88C46120D684870040EF71 /* AppDelegate.swift */,
				9DFFAF5B20D7D62C00EF605C /* Views */,
				9DFFAF5A20D7D62000EF605C /* Controllers */,
				9DFFAF5820D7D5FA00EF605C /* Data Model */,
				9DFFAF5C20D7D64C00EF605C /* Supporting Files */,
				9D88C46D20D684880040EF71 /* Info.plist */,
			);
			path = "What To Do";
			sourceTree = "<group>";
		};
		9DFFAF5820D7D5FA00EF605C /* Data Model */ = {
			isa = PBXGroup;
			children = (
				9D15B96A20D92BE40019362B /* Category.swift */,
				9D15B96820D92BD70019362B /* Item.swift */,
			);
			path = "Data Model";
			sourceTree = "<group>";
		};
		9DFFAF5A20D7D62000EF605C /* Controllers */ = {
			isa = PBXGroup;
			children = (
				9DFFAF8120D84AF900EF605C /* CategoryViewController.swift */,
				9D88C46320D684870040EF71 /* ToDoListViewController.swift */,
				9D77523620D9A3C30006DF22 /* SwipeTableViewController.swift */,
			);
			path = Controllers;
			sourceTree = "<group>";
		};
		9DFFAF5B20D7D62C00EF605C /* Views */ = {
			isa = PBXGroup;
			children = (
				9D88C46520D684870040EF71 /* Main.storyboard */,
			);
			path = Views;
			sourceTree = "<group>";
		};
		9DFFAF5C20D7D64C00EF605C /* Supporting Files */ = {
			isa = PBXGroup;
			children = (
				9D88C46820D684880040EF71 /* Assets.xcassets */,
				9D88C46A20D684880040EF71 /* LaunchScreen.storyboard */,
			);
			path = "Supporting Files";
			sourceTree = "<group>";
		};
		9DFFAF8320D8655100EF605C /* Frameworks */ = {
			isa = PBXGroup;
			children = (
				9DFFAF8420D8655200EF605C /* CoreData.framework */,
				FEBC7F66F17B7D88B1E61B8B /* Pods_What_To_Do.framework */,
			);
			name = Frameworks;
			sourceTree = "<group>";
		};
/* End PBXGroup section */

/* Begin PBXNativeTarget section */
		9D88C45D20D684870040EF71 /* What To Do */ = {
			isa = PBXNativeTarget;
			buildConfigurationList = 9D88C47020D684880040EF71 /* Build configuration list for PBXNativeTarget "What To Do" */;
			buildPhases = (
				CE579F66B9B1931B4E5DFA94 /* [CP] Check Pods Manifest.lock */,
				9D88C45A20D684870040EF71 /* Sources */,
				9D88C45B20D684870040EF71 /* Frameworks */,
				9D88C45C20D684870040EF71 /* Resources */,
				72454D0B3C148323633F718E /* [CP] Embed Pods Frameworks */,
			);
			buildRules = (
			);
			dependencies = (
			);
			name = "What To Do";
			productName = "What To Do";
			productReference = 9D88C45E20D684870040EF71 /* What To Do.app */;
			productType = "com.apple.product-type.application";
		};
/* End PBXNativeTarget section */

/* Begin PBXProject section */
		9D88C45620D684870040EF71 /* Project object */ = {
			isa = PBXProject;
			attributes = {
				LastSwiftUpdateCheck = 0940;
				LastUpgradeCheck = 0940;
				ORGANIZATIONNAME = "abolfazl mallahzadeh";
				TargetAttributes = {
					9D88C45D20D684870040EF71 = {
						CreatedOnToolsVersion = 9.4;
					};
				};
			};
			buildConfigurationList = 9D88C45920D684870040EF71 /* Build configuration list for PBXProject "What To Do" */;
			compatibilityVersion = "Xcode 9.3";
			developmentRegion = en;
			hasScannedForEncodings = 0;
			knownRegions = (
				en,
				Base,
			);
			mainGroup = 9D88C45520D684870040EF71;
			productRefGroup = 9D88C45F20D684870040EF71 /* Products */;
			projectDirPath = "";
			projectRoot = "";
			targets = (
				9D88C45D20D684870040EF71 /* What To Do */,
			);
		};
/* End PBXProject section */

/* Begin PBXResourcesBuildPhase section */
		9D88C45C20D684870040EF71 /* Resources */ = {
			isa = PBXResourcesBuildPhase;
			buildActionMask = 2147483647;
			files = (
				9D88C46C20D684880040EF71 /* LaunchScreen.storyboard in Resources */,
				9D88C46920D684880040EF71 /* Assets.xcassets in Resources */,
				9D88C46720D684870040EF71 /* Main.storyboard in Resources */,
			);
			runOnlyForDeploymentPostprocessing = 0;
		};
/* End PBXResourcesBuildPhase section */

/* Begin PBXShellScriptBuildPhase section */
		72454D0B3C148323633F718E /* [CP] Embed Pods Frameworks */ = {
			isa = PBXShellScriptBuildPhase;
			buildActionMask = 2147483647;
			files = (
			);
			inputPaths = (
				"${SRCROOT}/Pods/Target Support Files/Pods-What To Do/Pods-What To Do-frameworks.sh",
				"${BUILT_PRODUCTS_DIR}/ChameleonFramework/ChameleonFramework.framework",
				"${BUILT_PRODUCTS_DIR}/Realm/Realm.framework",
				"${BUILT_PRODUCTS_DIR}/RealmSwift/RealmSwift.framework",
				"${BUILT_PRODUCTS_DIR}/SwipeCellKit/SwipeCellKit.framework",
			);
			name = "[CP] Embed Pods Frameworks";
			outputPaths = (
				"${TARGET_BUILD_DIR}/${FRAMEWORKS_FOLDER_PATH}/ChameleonFramework.framework",
				"${TARGET_BUILD_DIR}/${FRAMEWORKS_FOLDER_PATH}/Realm.framework",
				"${TARGET_BUILD_DIR}/${FRAMEWORKS_FOLDER_PATH}/RealmSwift.framework",
				"${TARGET_BUILD_DIR}/${FRAMEWORKS_FOLDER_PATH}/SwipeCellKit.framework",
			);
			runOnlyForDeploymentPostprocessing = 0;
			shellPath = /bin/sh;
			shellScript = "\"${SRCROOT}/Pods/Target Support Files/Pods-What To Do/Pods-What To Do-frameworks.sh\"\n";
			showEnvVarsInLog = 0;
		};
		CE579F66B9B1931B4E5DFA94 /* [CP] Check Pods Manifest.lock */ = {
			isa = PBXShellScriptBuildPhase;
			buildActionMask = 2147483647;
			files = (
			);
			inputPaths = (
				"${PODS_PODFILE_DIR_PATH}/Podfile.lock",
				"${PODS_ROOT}/Manifest.lock",
			);
			name = "[CP] Check Pods Manifest.lock";
			outputPaths = (
				"$(DERIVED_FILE_DIR)/Pods-What To Do-checkManifestLockResult.txt",
			);
			runOnlyForDeploymentPostprocessing = 0;
			shellPath = /bin/sh;
			shellScript = "diff \"${PODS_PODFILE_DIR_PATH}/Podfile.lock\" \"${PODS_ROOT}/Manifest.lock\" > /dev/null\nif [ $? != 0 ] ; then\n    # print error to STDERR\n    echo \"error: The sandbox is not in sync with the Podfile.lock. Run 'pod install' or update your CocoaPods installation.\" >&2\n    exit 1\nfi\n# This output is used by Xcode 'outputs' to avoid re-running this script phase.\necho \"SUCCESS\" > \"${SCRIPT_OUTPUT_FILE_0}\"\n";
			showEnvVarsInLog = 0;
		};
/* End PBXShellScriptBuildPhase section */

/* Begin PBXSourcesBuildPhase section */
		9D88C45A20D684870040EF71 /* Sources */ = {
			isa = PBXSourcesBuildPhase;
			buildActionMask = 2147483647;
			files = (
				9D15B96920D92BD70019362B /* Item.swift in Sources */,
				9D15B96B20D92BE40019362B /* Category.swift in Sources */,
				9DFFAF8220D84AF900EF605C /* CategoryViewController.swift in Sources */,
				9D88C46420D684870040EF71 /* ToDoListViewController.swift in Sources */,
				9D77523720D9A3C30006DF22 /* SwipeTableViewController.swift in Sources */,
				9D88C46220D684870040EF71 /* AppDelegate.swift in Sources */,
			);
			runOnlyForDeploymentPostprocessing = 0;
		};
/* End PBXSourcesBuildPhase section */

/* Begin PBXVariantGroup section */
		9D88C46520D684870040EF71 /* Main.storyboard */ = {
			isa = PBXVariantGroup;
			children = (
				9D88C46620D684870040EF71 /* Base */,
			);
			name = Main.storyboard;
			sourceTree = "<group>";
		};
		9D88C46A20D684880040EF71 /* LaunchScreen.storyboard */ = {
			isa = PBXVariantGroup;
			children = (
				9D88C46B20D684880040EF71 /* Base */,
			);
			name = LaunchScreen.storyboard;
			sourceTree = "<group>";
		};
/* End PBXVariantGroup section */

/* Begin XCBuildConfiguration section */
		9D88C46E20D684880040EF71 /* Debug */ = {
			isa = XCBuildConfiguration;
			buildSettings = {
				ALWAYS_SEARCH_USER_PATHS = NO;
				CLANG_ANALYZER_NONNULL = YES;
				CLANG_ANALYZER_NUMBER_OBJECT_CONVERSION = YES_AGGRESSIVE;
				CLANG_CXX_LANGUAGE_STANDARD = "gnu++14";
				CLANG_CXX_LIBRARY = "libc++";
				CLANG_ENABLE_MODULES = YES;
				CLANG_ENABLE_OBJC_ARC = YES;
				CLANG_ENABLE_OBJC_WEAK = YES;
				CLANG_WARN_BLOCK_CAPTURE_AUTORELEASING = YES;
				CLANG_WARN_BOOL_CONVERSION = YES;
				CLANG_WARN_COMMA = YES;
				CLANG_WARN_CONSTANT_CONVERSION = YES;
				CLANG_WARN_DEPRECATED_OBJC_IMPLEMENTATIONS = YES;
				CLANG_WARN_DIRECT_OBJC_ISA_USAGE = YES_ERROR;
				CLANG_WARN_DOCUMENTATION_COMMENTS = YES;
				CLANG_WARN_EMPTY_BODY = YES;
				CLANG_WARN_ENUM_CONVERSION = YES;
				CLANG_WARN_INFINITE_RECURSION = YES;
				CLANG_WARN_INT_CONVERSION = YES;
				CLANG_WARN_NON_LITERAL_NULL_CONVERSION = YES;
				CLANG_WARN_OBJC_IMPLICIT_RETAIN_SELF = YES;
				CLANG_WARN_OBJC_LITERAL_CONVERSION = YES;
				CLANG_WARN_OBJC_ROOT_CLASS = YES_ERROR;
				CLANG_WARN_RANGE_LOOP_ANALYSIS = YES;
				CLANG_WARN_STRICT_PROTOTYPES = YES;
				CLANG_WARN_SUSPICIOUS_MOVE = YES;
				CLANG_WARN_UNGUARDED_AVAILABILITY = YES_AGGRESSIVE;
				CLANG_WARN_UNREACHABLE_CODE = YES;
				CLANG_WARN__DUPLICATE_METHOD_MATCH = YES;
				CODE_SIGN_IDENTITY = "iPhone Developer";
				COPY_PHASE_STRIP = NO;
				DEBUG_INFORMATION_FORMAT = dwarf;
				ENABLE_STRICT_OBJC_MSGSEND = YES;
				ENABLE_TESTABILITY = YES;
				GCC_C_LANGUAGE_STANDARD = gnu11;
				GCC_DYNAMIC_NO_PIC = NO;
				GCC_NO_COMMON_BLOCKS = YES;
				GCC_OPTIMIZATION_LEVEL = 0;
				GCC_PREPROCESSOR_DEFINITIONS = (
					"DEBUG=1",
					"$(inherited)",
				);
				GCC_WARN_64_TO_32_BIT_CONVERSION = YES;
				GCC_WARN_ABOUT_RETURN_TYPE = YES_ERROR;
				GCC_WARN_UNDECLARED_SELECTOR = YES;
				GCC_WARN_UNINITIALIZED_AUTOS = YES_AGGRESSIVE;
				GCC_WARN_UNUSED_FUNCTION = YES;
				GCC_WARN_UNUSED_VARIABLE = YES;
				IPHONEOS_DEPLOYMENT_TARGET = 11.4;
				MTL_ENABLE_DEBUG_INFO = YES;
				ONLY_ACTIVE_ARCH = YES;
				SDKROOT = iphoneos;
				SWIFT_ACTIVE_COMPILATION_CONDITIONS = DEBUG;
				SWIFT_OPTIMIZATION_LEVEL = "-Onone";
			};
			name = Debug;
		};
		9D88C46F20D684880040EF71 /* Release */ = {
			isa = XCBuildConfiguration;
			buildSettings = {
				ALWAYS_SEARCH_USER_PATHS = NO;
				CLANG_ANALYZER_NONNULL = YES;
				CLANG_ANALYZER_NUMBER_OBJECT_CONVERSION = YES_AGGRESSIVE;
				CLANG_CXX_LANGUAGE_STANDARD = "gnu++14";
				CLANG_CXX_LIBRARY = "libc++";
				CLANG_ENABLE_MODULES = YES;
				CLANG_ENABLE_OBJC_ARC = YES;
				CLANG_ENABLE_OBJC_WEAK = YES;
				CLANG_WARN_BLOCK_CAPTURE_AUTORELEASING = YES;
				CLANG_WARN_BOOL_CONVERSION = YES;
				CLANG_WARN_COMMA = YES;
				CLANG_WARN_CONSTANT_CONVERSION = YES;
				CLANG_WARN_DEPRECATED_OBJC_IMPLEMENTATIONS = YES;
				CLANG_WARN_DIRECT_OBJC_ISA_USAGE = YES_ERROR;
				CLANG_WARN_DOCUMENTATION_COMMENTS = YES;
				CLANG_WARN_EMPTY_BODY = YES;
				CLANG_WARN_ENUM_CONVERSION = YES;
				CLANG_WARN_INFINITE_RECURSION = YES;
				CLANG_WARN_INT_CONVERSION = YES;
				CLANG_WARN_NON_LITERAL_NULL_CONVERSION = YES;
				CLANG_WARN_OBJC_IMPLICIT_RETAIN_SELF = YES;
				CLANG_WARN_OBJC_LITERAL_CONVERSION = YES;
				CLANG_WARN_OBJC_ROOT_CLASS = YES_ERROR;
				CLANG_WARN_RANGE_LOOP_ANALYSIS = YES;
				CLANG_WARN_STRICT_PROTOTYPES = YES;
				CLANG_WARN_SUSPICIOUS_MOVE = YES;
				CLANG_WARN_UNGUARDED_AVAILABILITY = YES_AGGRESSIVE;
				CLANG_WARN_UNREACHABLE_CODE = YES;
				CLANG_WARN__DUPLICATE_METHOD_MATCH = YES;
				CODE_SIGN_IDENTITY = "iPhone Developer";
				COPY_PHASE_STRIP = NO;
				DEBUG_INFORMATION_FORMAT = "dwarf-with-dsym";
				ENABLE_NS_ASSERTIONS = NO;
				ENABLE_STRICT_OBJC_MSGSEND = YES;
				GCC_C_LANGUAGE_STANDARD = gnu11;
				GCC_NO_COMMON_BLOCKS = YES;
				GCC_WARN_64_TO_32_BIT_CONVERSION = YES;
				GCC_WARN_ABOUT_RETURN_TYPE = YES_ERROR;
				GCC_WARN_UNDECLARED_SELECTOR = YES;
				GCC_WARN_UNINITIALIZED_AUTOS = YES_AGGRESSIVE;
				GCC_WARN_UNUSED_FUNCTION = YES;
				GCC_WARN_UNUSED_VARIABLE = YES;
				IPHONEOS_DEPLOYMENT_TARGET = 11.4;
				MTL_ENABLE_DEBUG_INFO = NO;
				SDKROOT = iphoneos;
				SWIFT_COMPILATION_MODE = wholemodule;
				SWIFT_OPTIMIZATION_LEVEL = "-O";
				VALIDATE_PRODUCT = YES;
			};
			name = Release;
		};
		9D88C47120D684880040EF71 /* Debug */ = {
			isa = XCBuildConfiguration;
			baseConfigurationReference = 0C5AF38D56AC87D8B5BC495E /* Pods-What To Do.debug.xcconfig */;
			buildSettings = {
				ASSETCATALOG_COMPILER_APPICON_NAME = AppIcon;
				CODE_SIGN_STYLE = Automatic;
				DEVELOPMENT_TEAM = 7795USP53Z;
				INFOPLIST_FILE = "What To Do/Info.plist";
				LD_RUNPATH_SEARCH_PATHS = (
					"$(inherited)",
					"@executable_path/Frameworks",
				);
				PRODUCT_BUNDLE_IDENTIFIER = "ir.muse.What-To-Do";
				PRODUCT_NAME = "$(TARGET_NAME)";
				SWIFT_VERSION = 4.0;
				TARGETED_DEVICE_FAMILY = "1,2";
			};
			name = Debug;
		};
		9D88C47220D684880040EF71 /* Release */ = {
			isa = XCBuildConfiguration;
			baseConfigurationReference = F9F2599CEBFB02B8C9A12B7B /* Pods-What To Do.release.xcconfig */;
			buildSettings = {
				ASSETCATALOG_COMPILER_APPICON_NAME = AppIcon;
				CODE_SIGN_STYLE = Automatic;
				DEVELOPMENT_TEAM = 7795USP53Z;
				INFOPLIST_FILE = "What To Do/Info.plist";
				LD_RUNPATH_SEARCH_PATHS = (
					"$(inherited)",
					"@executable_path/Frameworks",
				);
				PRODUCT_BUNDLE_IDENTIFIER = "ir.muse.What-To-Do";
				PRODUCT_NAME = "$(TARGET_NAME)";
				SWIFT_VERSION = 4.0;
				TARGETED_DEVICE_FAMILY = "1,2";
			};
			name = Release;
		};
/* End XCBuildConfiguration section */

/* Begin XCConfigurationList section */
		9D88C45920D684870040EF71 /* Build configuration list for PBXProject "What To Do" */ = {
			isa = XCConfigurationList;
			buildConfigurations = (
				9D88C46E20D684880040EF71 /* Debug */,
				9D88C46F20D684880040EF71 /* Release */,
			);
			defaultConfigurationIsVisible = 0;
			defaultConfigurationName = Release;
		};
		9D88C47020D684880040EF71 /* Build configuration list for PBXNativeTarget "What To Do" */ = {
			isa = XCConfigurationList;
			buildConfigurations = (
				9D88C47120D684880040EF71 /* Debug */,
				9D88C47220D684880040EF71 /* Release */,
			);
			defaultConfigurationIsVisible = 0;
			defaultConfigurationName = Release;
		};
/* End XCConfigurationList section */
	};
	rootObject = 9D88C45620D684870040EF71 /* Project object */;
}
